
Microsoft Visual Studio Solution File, Format Version 12.00
# Visual Studio Version 17
VisualStudioVersion = 17.7.34031.279
MinimumVisualStudioVersion = 10.0.40219.1
Project("{FAE04EC0-301F-11D3-BF4B-00C04F79EFBC}") = "Verifica_Ficarra_Gabriele_18.02.2025", "Verifica_Ficarra_Gabriele_18.02.2025\Verifica_Ficarra_Gabriele_18.02.2025.csproj", "{AC15E2DF-EA95-4E6C-84BA-33AF0605D7B0}"
EndProject
Global
	GlobalSection(SolutionConfigurationPlatforms) = preSolution
		Debug|Any CPU = Debug|Any CPU
		Release|Any CPU = Release|Any CPU
	EndGlobalSection
	GlobalSection(ProjectConfigurationPlatforms) = postSolution
		{AC15E2DF-EA95-4E6C-84BA-33AF0605D7B0}.Debug|Any CPU.ActiveCfg = Debug|Any CPU
		{AC15E2DF-EA95-4E6C-84BA-33AF0605D7B0}.Debug|Any CPU.Build.0 = Debug|Any CPU
		{AC15E2DF-EA95-4E6C-84BA-33AF0605D7B0}.Release|Any CPU.ActiveCfg = Release|Any CPU
		{AC15E2DF-EA95-4E6C-84BA-33AF0605D7B0}.Release|Any CPU.Build.0 = Release|Any CPU
	EndGlobalSection
	GlobalSection(SolutionProperties) = preSolution
		HideSolutionNode = FALSE
	EndGlobalSection
	GlobalSection(ExtensibilityGlobals) = postSolution
		SolutionGuid = {3576620B-4428-4E5C-B16A-608F76F3CC21}
	EndGlobalSection
EndGlobal
